
Microsoft Visual Studio Solution File, Format Version 12.00
# Visual Studio Version 17
VisualStudioVersion = 17.5.33516.290
MinimumVisualStudioVersion = 10.0.40219.1
Project("{FAE04EC0-301F-11D3-BF4B-00C04F79EFBC}") = "Client", "Client\Client.csproj", "{BA2D5277-D1E8-4991-86FA-915A40136DA9}"
EndProject
Project("{FAE04EC0-301F-11D3-BF4B-00C04F79EFBC}") = "Server", "Server\Server.csproj", "{1C9C63EF-CA6D-4E0D-963E-4421AEED6602}"
EndProject
Project("{FAE04EC0-301F-11D3-BF4B-00C04F79EFBC}") = "Models", "Models\Models.csproj", "{297BAAB3-3304-4525-8377-E57D8EDAA465}"
EndProject
Global
	GlobalSection(SolutionConfigurationPlatforms) = preSolution
		Debug|Any CPU = Debug|Any CPU
		Release|Any CPU = Release|Any CPU
	EndGlobalSection
	GlobalSection(ProjectConfigurationPlatforms) = postSolution
		{BA2D5277-D1E8-4991-86FA-915A40136DA9}.Debug|Any CPU.ActiveCfg = Debug|Any CPU
		{BA2D5277-D1E8-4991-86FA-915A40136DA9}.Debug|Any CPU.Build.0 = Debug|Any CPU
		{BA2D5277-D1E8-4991-86FA-915A40136DA9}.Release|Any CPU.ActiveCfg = Release|Any CPU
		{BA2D5277-D1E8-4991-86FA-915A40136DA9}.Release|Any CPU.Build.0 = Release|Any CPU
		{1C9C63EF-CA6D-4E0D-963E-4421AEED6602}.Debug|Any CPU.ActiveCfg = Debug|Any CPU
		{1C9C63EF-CA6D-4E0D-963E-4421AEED6602}.Debug|Any CPU.Build.0 = Debug|Any CPU
		{1C9C63EF-CA6D-4E0D-963E-4421AEED6602}.Release|Any CPU.ActiveCfg = Release|Any CPU
		{1C9C63EF-CA6D-4E0D-963E-4421AEED6602}.Release|Any CPU.Build.0 = Release|Any CPU
		{297BAAB3-3304-4525-8377-E57D8EDAA465}.Debug|Any CPU.ActiveCfg = Debug|Any CPU
		{297BAAB3-3304-4525-8377-E57D8EDAA465}.Debug|Any CPU.Build.0 = Debug|Any CPU
		{297BAAB3-3304-4525-8377-E57D8EDAA465}.Release|Any CPU.ActiveCfg = Release|Any CPU
		{297BAAB3-3304-4525-8377-E57D8EDAA465}.Release|Any CPU.Build.0 = Release|Any CPU
	EndGlobalSection
	GlobalSection(SolutionProperties) = preSolution
		HideSolutionNode = FALSE
	EndGlobalSection
	GlobalSection(ExtensibilityGlobals) = postSolution
		SolutionGuid = {DD232BC3-174A-499D-A088-9F9C670B2AC4}
	EndGlobalSection
EndGlobal
